{
    "_readme": [
        "This file locks the dependencies of your project to a known state",
        "Read more about it at https://getcomposer.org/doc/01-basic-usage.md#installing-dependencies",
        "This file is @generated automatically"
    ],
    "content-hash": "6e1cce308a5ea4473469d6d7bf60ebbf",
    "packages": [
        {
            "name": "opensitez/simplicity",
            "version": "dev-master",
            "source": {
                "type": "git",
                "url": "https://github.com/younelan/Simplicity.git",
                "reference": "a10c08266658686c3dc65506184c9a230b5709ba"
            },
            "dist": {
                "type": "zip",
                "url": "https://api.github.com/repos/younelan/Simplicity/zipball/a10c08266658686c3dc65506184c9a230b5709ba",
                "reference": "a10c08266658686c3dc65506184c9a230b5709ba",
                "shasum": ""
            },
            "default-branch": true,
            "type": "library",
            "autoload": {
                "psr-4": {
                    "Opensitez\\Simplicity\\": "src/"
                }
            },
            "license": [
                "MIT"
            ],
            "authors": [
                {
                    "name": "Youness El Andaloussi",
                    "email": "youness@elandaloussi.net"
                }
            ],
            "description": "Simple PHP Framework",
            "support": {
                "source": "https://github.com/younelan/Simplicity/tree/master",
                "issues": "https://github.com/younelan/Simplicity/issues"
            },
            "time": "2025-07-18T00:19:33+00:00"
        }
    ],
    "packages-dev": [],
    "aliases": [],
    "minimum-stability": "stable",
    "stability-flags": {
        "opensitez/simplicity": 20
    },
    "prefer-stable": false,
    "prefer-lowest": false,
    "platform": {},
    "platform-dev": {},
    "plugin-api-version": "2.6.0"
}
